
Microsoft Visual Studio Solution File, Format Version 12.00
# Visual Studio 15
VisualStudioVersion = 15.0.27130.0
MinimumVisualStudioVersion = 10.0.40219.1
Project("{FAE04EC0-301F-11D3-BF4B-00C04F79EFBC}") = "WebTPortal", "WebTPortal\WebTPortal.csproj", "{2DB1DA88-9780-4D5E-8C24-A1813DADDA48}"
EndProject
Global
	GlobalSection(SolutionConfigurationPlatforms) = preSolution
		Debug|Any CPU = Debug|Any CPU
		Release|Any CPU = Release|Any CPU
	EndGlobalSection
	GlobalSection(ProjectConfigurationPlatforms) = postSolution
		{2DB1DA88-9780-4D5E-8C24-A1813DADDA48}.Debug|Any CPU.ActiveCfg = Debug|Any CPU
		{2DB1DA88-9780-4D5E-8C24-A1813DADDA48}.Debug|Any CPU.Build.0 = Debug|Any CPU
		{2DB1DA88-9780-4D5E-8C24-A1813DADDA48}.Release|Any CPU.ActiveCfg = Release|Any CPU
		{2DB1DA88-9780-4D5E-8C24-A1813DADDA48}.Release|Any CPU.Build.0 = Release|Any CPU
	EndGlobalSection
	GlobalSection(SolutionProperties) = preSolution
		HideSolutionNode = FALSE
	EndGlobalSection
	GlobalSection(ExtensibilityGlobals) = postSolution
		SolutionGuid = {3EB903C3-2066-4130-B8D2-143CFD8DA693}
	EndGlobalSection
EndGlobal
